
Microsoft Visual Studio Solution File, Format Version 12.00
# Visual Studio Version 17
VisualStudioVersion = 17.6.33815.320
MinimumVisualStudioVersion = 10.0.40219.1
Project("{9A19103F-16F7-4668-BE54-9A1E7A4F7556}") = "student", "student\student.csproj", "{9152381A-691B-49C3-9877-BDA008B0F515}"
EndProject
Project("{9A19103F-16F7-4668-BE54-9A1E7A4F7556}") = "Exercise_02_P5S3", "Exercise_02_P5S3\Exercise_02_P5S3.csproj", "{F7FFBBEF-C14E-4CF6-8154-F0E2926423FA}"
EndProject
Project("{9A19103F-16F7-4668-BE54-9A1E7A4F7556}") = "P04-polimorphism", "P04-polimorphism\P04-polimorphism.csproj", "{109AAC90-3D88-4ED8-9EE5-18A0CF111989}"
EndProject
Project("{FAE04EC0-301F-11D3-BF4B-00C04F79EFBC}") = "P05_Interface", "P05_Interface\P05_Interface.csproj", "{F7477101-7A07-4240-B0C3-57E42C5A79F4}"
EndProject
Project("{FAE04EC0-301F-11D3-BF4B-00C04F79EFBC}") = "P06_Interfact", "P06_Interfact\P06_Interfact.csproj", "{225302A9-1C75-4AA8-A51D-D6D42375C983}"
EndProject
Global
	GlobalSection(SolutionConfigurationPlatforms) = preSolution
		Debug|Any CPU = Debug|Any CPU
		Release|Any CPU = Release|Any CPU
	EndGlobalSection
	GlobalSection(ProjectConfigurationPlatforms) = postSolution
		{9152381A-691B-49C3-9877-BDA008B0F515}.Debug|Any CPU.ActiveCfg = Debug|Any CPU
		{9152381A-691B-49C3-9877-BDA008B0F515}.Debug|Any CPU.Build.0 = Debug|Any CPU
		{9152381A-691B-49C3-9877-BDA008B0F515}.Release|Any CPU.ActiveCfg = Release|Any CPU
		{9152381A-691B-49C3-9877-BDA008B0F515}.Release|Any CPU.Build.0 = Release|Any CPU
		{F7FFBBEF-C14E-4CF6-8154-F0E2926423FA}.Debug|Any CPU.ActiveCfg = Debug|Any CPU
		{F7FFBBEF-C14E-4CF6-8154-F0E2926423FA}.Debug|Any CPU.Build.0 = Debug|Any CPU
		{F7FFBBEF-C14E-4CF6-8154-F0E2926423FA}.Release|Any CPU.ActiveCfg = Release|Any CPU
		{F7FFBBEF-C14E-4CF6-8154-F0E2926423FA}.Release|Any CPU.Build.0 = Release|Any CPU
		{109AAC90-3D88-4ED8-9EE5-18A0CF111989}.Debug|Any CPU.ActiveCfg = Debug|Any CPU
		{109AAC90-3D88-4ED8-9EE5-18A0CF111989}.Debug|Any CPU.Build.0 = Debug|Any CPU
		{109AAC90-3D88-4ED8-9EE5-18A0CF111989}.Release|Any CPU.ActiveCfg = Release|Any CPU
		{109AAC90-3D88-4ED8-9EE5-18A0CF111989}.Release|Any CPU.Build.0 = Release|Any CPU
		{F7477101-7A07-4240-B0C3-57E42C5A79F4}.Debug|Any CPU.ActiveCfg = Debug|Any CPU
		{F7477101-7A07-4240-B0C3-57E42C5A79F4}.Debug|Any CPU.Build.0 = Debug|Any CPU
		{F7477101-7A07-4240-B0C3-57E42C5A79F4}.Release|Any CPU.ActiveCfg = Release|Any CPU
		{F7477101-7A07-4240-B0C3-57E42C5A79F4}.Release|Any CPU.Build.0 = Release|Any CPU
		{225302A9-1C75-4AA8-A51D-D6D42375C983}.Debug|Any CPU.ActiveCfg = Debug|Any CPU
		{225302A9-1C75-4AA8-A51D-D6D42375C983}.Debug|Any CPU.Build.0 = Debug|Any CPU
		{225302A9-1C75-4AA8-A51D-D6D42375C983}.Release|Any CPU.ActiveCfg = Release|Any CPU
		{225302A9-1C75-4AA8-A51D-D6D42375C983}.Release|Any CPU.Build.0 = Release|Any CPU
	EndGlobalSection
	GlobalSection(SolutionProperties) = preSolution
		HideSolutionNode = FALSE
	EndGlobalSection
	GlobalSection(ExtensibilityGlobals) = postSolution
		SolutionGuid = {C585F0E9-35ED-418A-A692-63B8FE825C99}
	EndGlobalSection
EndGlobal
